
Microsoft Visual Studio Solution File, Format Version 12.00
# Visual Studio 2012
Project("{FAE04EC0-301F-11D3-BF4B-00C04F79EFBC}") = "CathedraUniversity", "CathedraUniversity\CathedraUniversity.csproj", "{3A931EDF-13CF-45E5-B8E0-6E950B8C95B5}"
EndProject
Global
	GlobalSection(SolutionConfigurationPlatforms) = preSolution
		Debug|Any CPU = Debug|Any CPU
		Release|Any CPU = Release|Any CPU
	EndGlobalSection
	GlobalSection(ProjectConfigurationPlatforms) = postSolution
		{3A931EDF-13CF-45E5-B8E0-6E950B8C95B5}.Debug|Any CPU.ActiveCfg = Debug|Any CPU
		{3A931EDF-13CF-45E5-B8E0-6E950B8C95B5}.Debug|Any CPU.Build.0 = Debug|Any CPU
		{3A931EDF-13CF-45E5-B8E0-6E950B8C95B5}.Release|Any CPU.ActiveCfg = Release|Any CPU
		{3A931EDF-13CF-45E5-B8E0-6E950B8C95B5}.Release|Any CPU.Build.0 = Release|Any CPU
	EndGlobalSection
	GlobalSection(SolutionProperties) = preSolution
		HideSolutionNode = FALSE
	EndGlobalSection
EndGlobal
